// !$*UTF8*$!
{
	archiveVersion = 1;
	classes = {
	};
	objectVersion = 50;
	objects = {

/* Begin PBXBuildFile section */
		EA73EBCA24BAAAF500792895 /* AppDelegate.swift in Sources */ = {isa = PBXBuildFile; fileRef = EA73EBC924BAAAF500792895 /* AppDelegate.swift */; };
		EA73EBCC24BAAAF500792895 /* SceneDelegate.swift in Sources */ = {isa = PBXBuildFile; fileRef = EA73EBCB24BAAAF500792895 /* SceneDelegate.swift */; };
		EA73EBCE24BAAAF500792895 /* ViewController.swift in Sources */ = {isa = PBXBuildFile; fileRef = EA73EBCD24BAAAF500792895 /* ViewController.swift */; };
		EA73EBD124BAAAF500792895 /* Main.storyboard in Resources */ = {isa = PBXBuildFile; fileRef = EA73EBCF24BAAAF500792895 /* Main.storyboard */; };
		EA73EBD324BAAAF800792895 /* Assets.xcassets in Resources */ = {isa = PBXBuildFile; fileRef = EA73EBD224BAAAF800792895 /* Assets.xcassets */; };
		EA73EBD624BAAAF800792895 /* LaunchScreen.storyboard in Resources */ = {isa = PBXBuildFile; fileRef = EA73EBD424BAAAF800792895 /* LaunchScreen.storyboard */; };
		EA73EBE124BAAAF800792895 /* tipTests.swift in Sources */ = {isa = PBXBuildFile; fileRef = EA73EBE024BAAAF800792895 /* tipTests.swift */; };
		EA73EBEC24BAAAF800792895 /* tipUITests.swift in Sources */ = {isa = PBXBuildFile; fileRef = EA73EBEB24BAAAF800792895 /* tipUITests.swift */; };
/* End PBXBuildFile section */

/* Begin PBXContainerItemProxy section */
		EA73EBDD24BAAAF800792895 /* PBXContainerItemProxy */ = {
			isa = PBXContainerItemProxy;
			containerPortal = EA73EBBE24BAAAF500792895 /* Project object */;
			proxyType = 1;
			remoteGlobalIDString = EA73EBC524BAAAF500792895;
			remoteInfo = tip;
		};
		EA73EBE824BAAAF800792895 /* PBXContainerItemProxy */ = {
			isa = PBXContainerItemProxy;
			containerPortal = EA73EBBE24BAAAF500792895 /* Project object */;
			proxyType = 1;
			remoteGlobalIDString = EA73EBC524BAAAF500792895;
			remoteInfo = tip;
		};
/* End PBXContainerItemProxy section */

/* Begin PBXFileReference section */
		EA73EBC624BAAAF500792895 /* tip.app */ = {isa = PBXFileReference; explicitFileType = wrapper.application; includeInIndex = 0; path = tip.app; sourceTree = BUILT_PRODUCTS_DIR; };
		EA73EBC924BAAAF500792895 /* AppDelegate.swift */ = {isa = PBXFileReference; lastKnownFileType = sourcecode.swift; path = AppDelegate.swift; sourceTree = "<group>"; };
		EA73EBCB24BAAAF500792895 /* SceneDelegate.swift */ = {isa = PBXFileReference; lastKnownFileType = sourcecode.swift; path = SceneDelegate.swift; sourceTree = "<group>"; };
		EA73EBCD24BAAAF500792895 /* ViewController.swift */ = {isa = PBXFileReference; lastKnownFileType = sourcecode.swift; path = ViewController.swift; sourceTree = "<group>"; };
		EA73EBD024BAAAF500792895 /* Base */ = {isa = PBXFileReference; lastKnownFileType = file.storyboard; name = Base; path = Base.lproj/Main.storyboard; sourceTree = "<group>"; };
		EA73EBD224BAAAF800792895 /* Assets.xcassets */ = {isa = PBXFileReference; lastKnownFileType = folder.assetcatalog; path = Assets.xcassets; sourceTree = "<group>"; };
		EA73EBD524BAAAF800792895 /* Base */ = {isa = PBXFileReference; lastKnownFileType = file.storyboard; name = Base; path = Base.lproj/LaunchScreen.storyboard; sourceTree = "<group>"; };
		EA73EBD724BAAAF800792895 /* Info.plist */ = {isa = PBXFileReference; lastKnownFileType = text.plist.xml; path = Info.plist; sourceTree = "<group>"; };
		EA73EBDC24BAAAF800792895 /* tipTests.xctest */ = {isa = PBXFileReference; explicitFileType = wrapper.cfbundle; includeInIndex = 0; path = tipTests.xctest; sourceTree = BUILT_PRODUCTS_DIR; };
		EA73EBE024BAAAF800792895 /* tipTests.swift */ = {isa = PBXFileReference; lastKnownFileType = sourcecode.swift; path = tipTests.swift; sourceTree = "<group>"; };
		EA73EBE224BAAAF800792895 /* Info.plist */ = {isa = PBXFileReference; lastKnownFileType = text.plist.xml; path = Info.plist; sourceTree = "<group>"; };
		EA73EBE724BAAAF800792895 /* tipUITests.xctest */ = {isa = PBXFileReference; explicitFileType = wrapper.cfbundle; includeInIndex = 0; path = tipUITests.xctest; sourceTree = BUILT_PRODUCTS_DIR; };
		EA73EBEB24BAAAF800792895 /* tipUITests.swift */ = {isa = PBXFileReference; lastKnownFileType = sourcecode.swift; path = tipUITests.swift; sourceTree = "<group>"; };
		EA73EBED24BAAAF800792895 /* Info.plist */ = {isa = PBXFileReference; lastKnownFileType = text.plist.xml; path = Info.plist; sourceTree = "<group>"; };
/* End PBXFileReference section */

/* Begin PBXFrameworksBuildPhase section */
		EA73EBC324BAAAF500792895 /* Frameworks */ = {
			isa = PBXFrameworksBuildPhase;
			buildActionMask = 2147483647;
			files = (
			);
			runOnlyForDeploymentPostprocessing = 0;
		};
		EA73EBD924BAAAF800792895 /* Frameworks */ = {
			isa = PBXFrameworksBuildPhase;
			buildActionMask = 2147483647;
			files = (
			);
			runOnlyForDeploymentPostprocessing = 0;
		};
		EA73EBE424BAAAF800792895 /* Frameworks */ = {
			isa = PBXFrameworksBuildPhase;
			buildActionMask = 2147483647;
			files = (
			);
			runOnlyForDeploymentPostprocessing = 0;
		};
/* End PBXFrameworksBuildPhase section */

/* Begin PBXGroup section */
		EA73EBBD24BAAAF500792895 = {
			isa = PBXGroup;
			children = (
				EA73EBC824BAAAF500792895 /* tip */,
				EA73EBDF24BAAAF800792895 /* tipTests */,
				EA73EBEA24BAAAF800792895 /* tipUITests */,
				EA73EBC724BAAAF500792895 /* Products */,
			);
			sourceTree = "<group>";
		};
		EA73EBC724BAAAF500792895 /* Products */ = {
			isa = PBXGroup;
			children = (
				EA73EBC624BAAAF500792895 /* tip.app */,
				EA73EBDC24BAAAF800792895 /* tipTests.xctest */,
				EA73EBE724BAAAF800792895 /* tipUITests.xctest */,
			);
			name = Products;
			sourceTree = "<group>";
		};
		EA73EBC824BAAAF500792895 /* tip */ = {
			isa = PBXGroup;
			children = (
				EA73EBC924BAAAF500792895 /* AppDelegate.swift */,
				EA73EBCB24BAAAF500792895 /* SceneDelegate.swift */,
				EA73EBCD24BAAAF500792895 /* ViewController.swift */,
				EA73EBCF24BAAAF500792895 /* Main.storyboard */,
				EA73EBD224BAAAF800792895 /* Assets.xcassets */,
				EA73EBD424BAAAF800792895 /* LaunchScreen.storyboard */,
				EA73EBD724BAAAF800792895 /* Info.plist */,
			);
			path = tip;
			sourceTree = "<group>";
		};
		EA73EBDF24BAAAF800792895 /* tipTests */ = {
			isa = PBXGroup;
			children = (
				EA73EBE024BAAAF800792895 /* tipTests.swift */,
				EA73EBE224BAAAF800792895 /* Info.plist */,
			);
			path = tipTests;
			sourceTree = "<group>";
		};
		EA73EBEA24BAAAF800792895 /* tipUITests */ = {
			isa = PBXGroup;
			children = (
				EA73EBEB24BAAAF800792895 /* tipUITests.swift */,
				EA73EBED24BAAAF800792895 /* Info.plist */,
			);
			path = tipUITests;
			sourceTree = "<group>";
		};
/* End PBXGroup section */

/* Begin PBXNativeTarget section */
		EA73EBC524BAAAF500792895 /* tip */ = {
			isa = PBXNativeTarget;
			buildConfigurationList = EA73EBF024BAAAF800792895 /* Build configuration list for PBXNativeTarget "tip" */;
			buildPhases = (
				EA73EBC224BAAAF500792895 /* Sources */,
				EA73EBC324BAAAF500792895 /* Frameworks */,
				EA73EBC424BAAAF500792895 /* Resources */,
			);
			buildRules = (
			);
			dependencies = (
			);
			name = tip;
			productName = tip;
			productReference = EA73EBC624BAAAF500792895 /* tip.app */;
			productType = "com.apple.product-type.application";
		};
		EA73EBDB24BAAAF800792895 /* tipTests */ = {
			isa = PBXNativeTarget;
			buildConfigurationList = EA73EBF324BAAAF800792895 /* Build configuration list for PBXNativeTarget "tipTests" */;
			buildPhases = (
				EA73EBD824BAAAF800792895 /* Sources */,
				EA73EBD924BAAAF800792895 /* Frameworks */,
				EA73EBDA24BAAAF800792895 /* Resources */,
			);
			buildRules = (
			);
			dependencies = (
				EA73EBDE24BAAAF800792895 /* PBXTargetDependency */,
			);
			name = tipTests;
			productName = tipTests;
			productReference = EA73EBDC24BAAAF800792895 /* tipTests.xctest */;
			productType = "com.apple.product-type.bundle.unit-test";
		};
		EA73EBE624BAAAF800792895 /* tipUITests */ = {
			isa = PBXNativeTarget;
			buildConfigurationList = EA73EBF624BAAAF800792895 /* Build configuration list for PBXNativeTarget "tipUITests" */;
			buildPhases = (
				EA73EBE324BAAAF800792895 /* Sources */,
				EA73EBE424BAAAF800792895 /* Frameworks */,
				EA73EBE524BAAAF800792895 /* Resources */,
			);
			buildRules = (
			);
			dependencies = (
				EA73EBE924BAAAF800792895 /* PBXTargetDependency */,
			);
			name = tipUITests;
			productName = tipUITests;
			productReference = EA73EBE724BAAAF800792895 /* tipUITests.xctest */;
			productType = "com.apple.product-type.bundle.ui-testing";
		};
/* End PBXNativeTarget section */

/* Begin PBXProject section */
		EA73EBBE24BAAAF500792895 /* Project object */ = {
			isa = PBXProject;
			attributes = {
				LastSwiftUpdateCheck = 1150;
				LastUpgradeCheck = 1150;
				ORGANIZATIONNAME = CodePath;
				TargetAttributes = {
					EA73EBC524BAAAF500792895 = {
						CreatedOnToolsVersion = 11.5;
					};
					EA73EBDB24BAAAF800792895 = {
						CreatedOnToolsVersion = 11.5;
						TestTargetID = EA73EBC524BAAAF500792895;
					};
					EA73EBE624BAAAF800792895 = {
						CreatedOnToolsVersion = 11.5;
						TestTargetID = EA73EBC524BAAAF500792895;
					};
				};
			};
			buildConfigurationList = EA73EBC124BAAAF500792895 /* Build configuration list for PBXProject "tip" */;
			compatibilityVersion = "Xcode 9.3";
			developmentRegion = en;
			hasScannedForEncodings = 0;
			knownRegions = (
				en,
				Base,
			);
			mainGroup = EA73EBBD24BAAAF500792895;
			productRefGroup = EA73EBC724BAAAF500792895 /* Products */;
			projectDirPath = "";
			projectRoot = "";
			targets = (
				EA73EBC524BAAAF500792895 /* tip */,
				EA73EBDB24BAAAF800792895 /* tipTests */,
				EA73EBE624BAAAF800792895 /* tipUITests */,
			);
		};
/* End PBXProject section */

/* Begin PBXResourcesBuildPhase section */
		EA73EBC424BAAAF500792895 /* Resources */ = {
			isa = PBXResourcesBuildPhase;
			buildActionMask = 2147483647;
			files = (
				EA73EBD624BAAAF800792895 /* LaunchScreen.storyboard in Resources */,
				EA73EBD324BAAAF800792895 /* Assets.xcassets in Resources */,
				EA73EBD124BAAAF500792895 /* Main.storyboard in Resources */,
			);
			runOnlyForDeploymentPostprocessing = 0;
		};
		EA73EBDA24BAAAF800792895 /* Resources */ = {
			isa = PBXResourcesBuildPhase;
			buildActionMask = 2147483647;
			files = (
			);
			runOnlyForDeploymentPostprocessing = 0;
		};
		EA73EBE524BAAAF800792895 /* Resources */ = {
			isa = PBXResourcesBuildPhase;
			buildActionMask = 2147483647;
			files = (
			);
			runOnlyForDeploymentPostprocessing = 0;
		};
/* End PBXResourcesBuildPhase section */

/* Begin PBXSourcesBuildPhase section */
		EA73EBC224BAAAF500792895 /* Sources */ = {
			isa = PBXSourcesBuildPhase;
			buildActionMask = 2147483647;
			files = (
				EA73EBCE24BAAAF500792895 /* ViewController.swift in Sources */,
				EA73EBCA24BAAAF500792895 /* AppDelegate.swift in Sources */,
				EA73EBCC24BAAAF500792895 /* SceneDelegate.swift in Sources */,
			);
			runOnlyForDeploymentPostprocessing = 0;
		};
		EA73EBD824BAAAF800792895 /* Sources */ = {
			isa = PBXSourcesBuildPhase;
			buildActionMask = 2147483647;
			files = (
				EA73EBE124BAAAF800792895 /* tipTests.swift in Sources */,
			);
			runOnlyForDeploymentPostprocessing = 0;
		};
		EA73EBE324BAAAF800792895 /* Sources */ = {
			isa = PBXSourcesBuildPhase;
			buildActionMask = 2147483647;
			files = (
				EA73EBEC24BAAAF800792895 /* tipUITests.swift in Sources */,
			);
			runOnlyForDeploymentPostprocessing = 0;
		};
/* End PBXSourcesBuildPhase section */

/* Begin PBXTargetDependency section */
		EA73EBDE24BAAAF800792895 /* PBXTargetDependency */ = {
			isa = PBXTargetDependency;
			target = EA73EBC524BAAAF500792895 /* tip */;
			targetProxy = EA73EBDD24BAAAF800792895 /* PBXContainerItemProxy */;
		};
		EA73EBE924BAAAF800792895 /* PBXTargetDependency */ = {
			isa = PBXTargetDependency;
			target = EA73EBC524BAAAF500792895 /* tip */;
			targetProxy = EA73EBE824BAAAF800792895 /* PBXContainerItemProxy */;
		};
/* End PBXTargetDependency section */

/* Begin PBXVariantGroup section */
		EA73EBCF24BAAAF500792895 /* Main.storyboard */ = {
			isa = PBXVariantGroup;
			children = (
				EA73EBD024BAAAF500792895 /* Base */,
			);
			name = Main.storyboard;
			sourceTree = "<group>";
		};
		EA73EBD424BAAAF800792895 /* LaunchScreen.storyboard */ = {
			isa = PBXVariantGroup;
			children = (
				EA73EBD524BAAAF800792895 /* Base */,
			);
			name = LaunchScreen.storyboard;
			sourceTree = "<group>";
		};
/* End PBXVariantGroup section */

/* Begin XCBuildConfiguration section */
		EA73EBEE24BAAAF800792895 /* Debug */ = {
			isa = XCBuildConfiguration;
			buildSettings = {
				ALWAYS_SEARCH_USER_PATHS = NO;
				CLANG_ANALYZER_NONNULL = YES;
				CLANG_ANALYZER_NUMBER_OBJECT_CONVERSION = YES_AGGRESSIVE;
				CLANG_CXX_LANGUAGE_STANDARD = "gnu++14";
				CLANG_CXX_LIBRARY = "libc++";
				CLANG_ENABLE_MODULES = YES;
				CLANG_ENABLE_OBJC_ARC = YES;
				CLANG_ENABLE_OBJC_WEAK = YES;
				CLANG_WARN_BLOCK_CAPTURE_AUTORELEASING = YES;
				CLANG_WARN_BOOL_CONVERSION = YES;
				CLANG_WARN_COMMA = YES;
				CLANG_WARN_CONSTANT_CONVERSION = YES;
				CLANG_WARN_DEPRECATED_OBJC_IMPLEMENTATIONS = YES;
				CLANG_WARN_DIRECT_OBJC_ISA_USAGE = YES_ERROR;
				CLANG_WARN_DOCUMENTATION_COMMENTS = YES;
				CLANG_WARN_EMPTY_BODY = YES;
				CLANG_WARN_ENUM_CONVERSION = YES;
				CLANG_WARN_INFINITE_RECURSION = YES;
				CLANG_WARN_INT_CONVERSION = YES;
				CLANG_WARN_NON_LITERAL_NULL_CONVERSION = YES;
				CLANG_WARN_OBJC_IMPLICIT_RETAIN_SELF = YES;
				CLANG_WARN_OBJC_LITERAL_CONVERSION = YES;
				CLANG_WARN_OBJC_ROOT_CLASS = YES_ERROR;
				CLANG_WARN_RANGE_LOOP_ANALYSIS = YES;
				CLANG_WARN_STRICT_PROTOTYPES = YES;
				CLANG_WARN_SUSPICIOUS_MOVE = YES;
				CLANG_WARN_UNGUARDED_AVAILABILITY = YES_AGGRESSIVE;
				CLANG_WARN_UNREACHABLE_CODE = YES;
				CLANG_WARN__DUPLICATE_METHOD_MATCH = YES;
				COPY_PHASE_STRIP = NO;
				DEBUG_INFORMATION_FORMAT = dwarf;
				ENABLE_STRICT_OBJC_MSGSEND = YES;
				ENABLE_TESTABILITY = YES;
				GCC_C_LANGUAGE_STANDARD = gnu11;
				GCC_DYNAMIC_NO_PIC = NO;
				GCC_NO_COMMON_BLOCKS = YES;
				GCC_OPTIMIZATION_LEVEL = 0;
				GCC_PREPROCESSOR_DEFINITIONS = (
					"DEBUG=1",
					"$(inherited)",
				);
				GCC_WARN_64_TO_32_BIT_CONVERSION = YES;
				GCC_WARN_ABOUT_RETURN_TYPE = YES_ERROR;
				GCC_WARN_UNDECLARED_SELECTOR = YES;
				GCC_WARN_UNINITIALIZED_AUTOS = YES_AGGRESSIVE;
				GCC_WARN_UNUSED_FUNCTION = YES;
				GCC_WARN_UNUSED_VARIABLE = YES;
				IPHONEOS_DEPLOYMENT_TARGET = 13.5;
				MTL_ENABLE_DEBUG_INFO = INCLUDE_SOURCE;
				MTL_FAST_MATH = YES;
				ONLY_ACTIVE_ARCH = YES;
				SDKROOT = iphoneos;
				SWIFT_ACTIVE_COMPILATION_CONDITIONS = DEBUG;
				SWIFT_OPTIMIZATION_LEVEL = "-Onone";
			};
			name = Debug;
		};
		EA73EBEF24BAAAF800792895 /* Release */ = {
			isa = XCBuildConfiguration;
			buildSettings = {
				ALWAYS_SEARCH_USER_PATHS = NO;
				CLANG_ANALYZER_NONNULL = YES;
				CLANG_ANALYZER_NUMBER_OBJECT_CONVERSION = YES_AGGRESSIVE;
				CLANG_CXX_LANGUAGE_STANDARD = "gnu++14";
				CLANG_CXX_LIBRARY = "libc++";
				CLANG_ENABLE_MODULES = YES;
				CLANG_ENABLE_OBJC_ARC = YES;
				CLANG_ENABLE_OBJC_WEAK = YES;
				CLANG_WARN_BLOCK_CAPTURE_AUTORELEASING = YES;
				CLANG_WARN_BOOL_CONVERSION = YES;
				CLANG_WARN_COMMA = YES;
				CLANG_WARN_CONSTANT_CONVERSION = YES;
				CLANG_WARN_DEPRECATED_OBJC_IMPLEMENTATIONS = YES;
				CLANG_WARN_DIRECT_OBJC_ISA_USAGE = YES_ERROR;
				CLANG_WARN_DOCUMENTATION_COMMENTS = YES;
				CLANG_WARN_EMPTY_BODY = YES;
				CLANG_WARN_ENUM_CONVERSION = YES;
				CLANG_WARN_INFINITE_RECURSION = YES;
				CLANG_WARN_INT_CONVERSION = YES;
				CLANG_WARN_NON_LITERAL_NULL_CONVERSION = YES;
				CLANG_WARN_OBJC_IMPLICIT_RETAIN_SELF = YES;
				CLANG_WARN_OBJC_LITERAL_CONVERSION = YES;
				CLANG_WARN_OBJC_ROOT_CLASS = YES_ERROR;
				CLANG_WARN_RANGE_LOOP_ANALYSIS = YES;
				CLANG_WARN_STRICT_PROTOTYPES = YES;
				CLANG_WARN_SUSPICIOUS_MOVE = YES;
				CLANG_WARN_UNGUARDED_AVAILABILITY = YES_AGGRESSIVE;
				CLANG_WARN_UNREACHABLE_CODE = YES;
				CLANG_WARN__DUPLICATE_METHOD_MATCH = YES;
				COPY_PHASE_STRIP = NO;
				DEBUG_INFORMATION_FORMAT = "dwarf-with-dsym";
				ENABLE_NS_ASSERTIONS = NO;
				ENABLE_STRICT_OBJC_MSGSEND = YES;
				GCC_C_LANGUAGE_STANDARD = gnu11;
				GCC_NO_COMMON_BLOCKS = YES;
				GCC_WARN_64_TO_32_BIT_CONVERSION = YES;
				GCC_WARN_ABOUT_RETURN_TYPE = YES_ERROR;
				GCC_WARN_UNDECLARED_SELECTOR = YES;
				GCC_WARN_UNINITIALIZED_AUTOS = YES_AGGRESSIVE;
				GCC_WARN_UNUSED_FUNCTION = YES;
				GCC_WARN_UNUSED_VARIABLE = YES;
				IPHONEOS_DEPLOYMENT_TARGET = 13.5;
				MTL_ENABLE_DEBUG_INFO = NO;
				MTL_FAST_MATH = YES;
				SDKROOT = iphoneos;
				SWIFT_COMPILATION_MODE = wholemodule;
				SWIFT_OPTIMIZATION_LEVEL = "-O";
				VALIDATE_PRODUCT = YES;
			};
			name = Release;
		};
		EA73EBF124BAAAF800792895 /* Debug */ = {
			isa = XCBuildConfiguration;
			buildSettings = {
				ASSETCATALOG_COMPILER_APPICON_NAME = AppIcon;
				CODE_SIGN_STYLE = Automatic;
				INFOPLIST_FILE = tip/Info.plist;
				LD_RUNPATH_SEARCH_PATHS = (
					"$(inherited)",
					"@executable_path/Frameworks",
				);
				PRODUCT_BUNDLE_IDENTIFIER = CodePath.tip;
				PRODUCT_NAME = "$(TARGET_NAME)";
				SWIFT_VERSION = 5.0;
				TARGETED_DEVICE_FAMILY = "1,2";
			};
			name = Debug;
		};
		EA73EBF224BAAAF800792895 /* Release */ = {
			isa = XCBuildConfiguration;
			buildSettings = {
				ASSETCATALOG_COMPILER_APPICON_NAME = AppIcon;
				CODE_SIGN_STYLE = Automatic;
				INFOPLIST_FILE = tip/Info.plist;
				LD_RUNPATH_SEARCH_PATHS = (
					"$(inherited)",
					"@executable_path/Frameworks",
				);
				PRODUCT_BUNDLE_IDENTIFIER = CodePath.tip;
				PRODUCT_NAME = "$(TARGET_NAME)";
				SWIFT_VERSION = 5.0;
				TARGETED_DEVICE_FAMILY = "1,2";
			};
			name = Release;
		};
		EA73EBF424BAAAF800792895 /* Debug */ = {
			isa = XCBuildConfiguration;
			buildSettings = {
				ALWAYS_EMBED_SWIFT_STANDARD_LIBRARIES = YES;
				BUNDLE_LOADER = "$(TEST_HOST)";
				CODE_SIGN_STYLE = Automatic;
				INFOPLIST_FILE = tipTests/Info.plist;
				IPHONEOS_DEPLOYMENT_TARGET = 13.5;
				LD_RUNPATH_SEARCH_PATHS = (
					"$(inherited)",
					"@executable_path/Frameworks",
					"@loader_path/Frameworks",
				);
				PRODUCT_BUNDLE_IDENTIFIER = CodePath.tipTests;
				PRODUCT_NAME = "$(TARGET_NAME)";
				SWIFT_VERSION = 5.0;
				TARGETED_DEVICE_FAMILY = "1,2";
				TEST_HOST = "$(BUILT_PRODUCTS_DIR)/tip.app/tip";
			};
			name = Debug;
		};
		EA73EBF524BAAAF800792895 /* Release */ = {
			isa = XCBuildConfiguration;
			buildSettings = {
				ALWAYS_EMBED_SWIFT_STANDARD_LIBRARIES = YES;
				BUNDLE_LOADER = "$(TEST_HOST)";
				CODE_SIGN_STYLE = Automatic;
				INFOPLIST_FILE = tipTests/Info.plist;
				IPHONEOS_DEPLOYMENT_TARGET = 13.5;
				LD_RUNPATH_SEARCH_PATHS = (
					"$(inherited)",
					"@executable_path/Frameworks",
					"@loader_path/Frameworks",
				);
				PRODUCT_BUNDLE_IDENTIFIER = CodePath.tipTests;
				PRODUCT_NAME = "$(TARGET_NAME)";
				SWIFT_VERSION = 5.0;
				TARGETED_DEVICE_FAMILY = "1,2";
				TEST_HOST = "$(BUILT_PRODUCTS_DIR)/tip.app/tip";
			};
			name = Release;
		};
		EA73EBF724BAAAF800792895 /* Debug */ = {
			isa = XCBuildConfiguration;
			buildSettings = {
				ALWAYS_EMBED_SWIFT_STANDARD_LIBRARIES = YES;
				CODE_SIGN_STYLE = Automatic;
				INFOPLIST_FILE = tipUITests/Info.plist;
				LD_RUNPATH_SEARCH_PATHS = (
					"$(inherited)",
					"@executable_path/Frameworks",
					"@loader_path/Frameworks",
				);
				PRODUCT_BUNDLE_IDENTIFIER = CodePath.tipUITests;
				PRODUCT_NAME = "$(TARGET_NAME)";
				SWIFT_VERSION = 5.0;
				TARGETED_DEVICE_FAMILY = "1,2";
				TEST_TARGET_NAME = tip;
			};
			name = Debug;
		};
		EA73EBF824BAAAF800792895 /* Release */ = {
			isa = XCBuildConfiguration;
			buildSettings = {
				ALWAYS_EMBED_SWIFT_STANDARD_LIBRARIES = YES;
				CODE_SIGN_STYLE = Automatic;
				INFOPLIST_FILE = tipUITests/Info.plist;
				LD_RUNPATH_SEARCH_PATHS = (
					"$(inherited)",
					"@executable_path/Frameworks",
					"@loader_path/Frameworks",
				);
				PRODUCT_BUNDLE_IDENTIFIER = CodePath.tipUITests;
				PRODUCT_NAME = "$(TARGET_NAME)";
				SWIFT_VERSION = 5.0;
				TARGETED_DEVICE_FAMILY = "1,2";
				TEST_TARGET_NAME = tip;
			};
			name = Release;
		};
/* End XCBuildConfiguration section */

/* Begin XCConfigurationList section */
		EA73EBC124BAAAF500792895 /* Build configuration list for PBXProject "tip" */ = {
			isa = XCConfigurationList;
			buildConfigurations = (
				EA73EBEE24BAAAF800792895 /* Debug */,
				EA73EBEF24BAAAF800792895 /* Release */,
			);
			defaultConfigurationIsVisible = 0;
			defaultConfigurationName = Release;
		};
		EA73EBF024BAAAF800792895 /* Build configuration list for PBXNativeTarget "tip" */ = {
			isa = XCConfigurationList;
			buildConfigurations = (
				EA73EBF124BAAAF800792895 /* Debug */,
				EA73EBF224BAAAF800792895 /* Release */,
			);
			defaultConfigurationIsVisible = 0;
			defaultConfigurationName = Release;
		};
		EA73EBF324BAAAF800792895 /* Build configuration list for PBXNativeTarget "tipTests" */ = {
			isa = XCConfigurationList;
			buildConfigurations = (
				EA73EBF424BAAAF800792895 /* Debug */,
				EA73EBF524BAAAF800792895 /* Release */,
			);
			defaultConfigurationIsVisible = 0;
			defaultConfigurationName = Release;
		};
		EA73EBF624BAAAF800792895 /* Build configuration list for PBXNativeTarget "tipUITests" */ = {
			isa = XCConfigurationList;
			buildConfigurations = (
				EA73EBF724BAAAF800792895 /* Debug */,
				EA73EBF824BAAAF800792895 /* Release */,
			);
			defaultConfigurationIsVisible = 0;
			defaultConfigurationName = Release;
		};
/* End XCConfigurationList section */
	};
	rootObject = EA73EBBE24BAAAF500792895 /* Project object */;
}
